// !$*UTF8*$!
{
	archiveVersion = 1;
	classes = {
	};
	objectVersion = 55;
	objects = {

/* Begin PBXBuildFile section */
		370436952761B1E9007A8C47 /* AppDelegate.swift in Sources */ = {isa = PBXBuildFile; fileRef = 370436942761B1E9007A8C47 /* AppDelegate.swift */; };
		370436972761B1E9007A8C47 /* SceneDelegate.swift in Sources */ = {isa = PBXBuildFile; fileRef = 370436962761B1E9007A8C47 /* SceneDelegate.swift */; };
		370436992761B1E9007A8C47 /* MainViewController.swift in Sources */ = {isa = PBXBuildFile; fileRef = 370436982761B1E9007A8C47 /* MainViewController.swift */; };
		3704369F2761B1E9007A8C47 /* Rebo.xcdatamodeld in Sources */ = {isa = PBXBuildFile; fileRef = 3704369D2761B1E9007A8C47 /* Rebo.xcdatamodeld */; };
		370436A12761B1EB007A8C47 /* Assets.xcassets in Resources */ = {isa = PBXBuildFile; fileRef = 370436A02761B1EB007A8C47 /* Assets.xcassets */; };
		370436A42761B1EB007A8C47 /* LaunchScreen.storyboard in Resources */ = {isa = PBXBuildFile; fileRef = 370436A22761B1EB007A8C47 /* LaunchScreen.storyboard */; };
		370436AF2761B1EC007A8C47 /* ReboTests.swift in Sources */ = {isa = PBXBuildFile; fileRef = 370436AE2761B1EC007A8C47 /* ReboTests.swift */; };
		370436B92761B1EC007A8C47 /* ReboUITests.swift in Sources */ = {isa = PBXBuildFile; fileRef = 370436B82761B1EC007A8C47 /* ReboUITests.swift */; };
		370436BB2761B1EC007A8C47 /* ReboUITestsLaunchTests.swift in Sources */ = {isa = PBXBuildFile; fileRef = 370436BA2761B1EC007A8C47 /* ReboUITestsLaunchTests.swift */; };
		3760C0452784694E003FBB92 /* HallViewController.swift in Sources */ = {isa = PBXBuildFile; fileRef = 3760C0442784694E003FBB92 /* HallViewController.swift */; };
		37C9AA78279EC5D5001B254C /* LoginViewController.swift in Sources */ = {isa = PBXBuildFile; fileRef = 37C9AA77279EC5D5001B254C /* LoginViewController.swift */; };
		37C9AA7A279EC600001B254C /* LoginViewModel.swift in Sources */ = {isa = PBXBuildFile; fileRef = 37C9AA79279EC600001B254C /* LoginViewModel.swift */; };
		A150611C1D00B3B52F83B410 /* Pods_Rebo.framework in Frameworks */ = {isa = PBXBuildFile; fileRef = C138D8236CCD3B0DC506E7B1 /* Pods_Rebo.framework */; };
		C9EBC4316CDBCB25A65CF907 /* Pods_ReboTests.framework in Frameworks */ = {isa = PBXBuildFile; fileRef = 7E088231FE048B97C33870C0 /* Pods_ReboTests.framework */; };
		FBAAE3D641090174408B9139 /* Pods_Rebo_ReboUITests.framework in Frameworks */ = {isa = PBXBuildFile; fileRef = 9EA9CD53B44557488A476F8F /* Pods_Rebo_ReboUITests.framework */; };
/* End PBXBuildFile section */

/* Begin PBXContainerItemProxy section */
		370436AB2761B1EC007A8C47 /* PBXContainerItemProxy */ = {
			isa = PBXContainerItemProxy;
			containerPortal = 370436892761B1E8007A8C47 /* Project object */;
			proxyType = 1;
			remoteGlobalIDString = 370436902761B1E9007A8C47;
			remoteInfo = Rebo;
		};
		370436B52761B1EC007A8C47 /* PBXContainerItemProxy */ = {
			isa = PBXContainerItemProxy;
			containerPortal = 370436892761B1E8007A8C47 /* Project object */;
			proxyType = 1;
			remoteGlobalIDString = 370436902761B1E9007A8C47;
			remoteInfo = Rebo;
		};
/* End PBXContainerItemProxy section */

/* Begin PBXFileReference section */
		23C9D60D3458D3FAFCC0EF24 /* Pods-ReboTests.release.xcconfig */ = {isa = PBXFileReference; includeInIndex = 1; lastKnownFileType = text.xcconfig; name = "Pods-ReboTests.release.xcconfig"; path = "Target Support Files/Pods-ReboTests/Pods-ReboTests.release.xcconfig"; sourceTree = "<group>"; };
		370436912761B1E9007A8C47 /* Rebo.app */ = {isa = PBXFileReference; explicitFileType = wrapper.application; includeInIndex = 0; path = Rebo.app; sourceTree = BUILT_PRODUCTS_DIR; };
		370436942761B1E9007A8C47 /* AppDelegate.swift */ = {isa = PBXFileReference; lastKnownFileType = sourcecode.swift; path = AppDelegate.swift; sourceTree = "<group>"; };
		370436962761B1E9007A8C47 /* SceneDelegate.swift */ = {isa = PBXFileReference; lastKnownFileType = sourcecode.swift; path = SceneDelegate.swift; sourceTree = "<group>"; };
		370436982761B1E9007A8C47 /* MainViewController.swift */ = {isa = PBXFileReference; lastKnownFileType = sourcecode.swift; path = MainViewController.swift; sourceTree = "<group>"; };
		3704369E2761B1E9007A8C47 /* Rebo.xcdatamodel */ = {isa = PBXFileReference; lastKnownFileType = wrapper.xcdatamodel; path = Rebo.xcdatamodel; sourceTree = "<group>"; };
		370436A02761B1EB007A8C47 /* Assets.xcassets */ = {isa = PBXFileReference; lastKnownFileType = folder.assetcatalog; path = Assets.xcassets; sourceTree = "<group>"; };
		370436A32761B1EB007A8C47 /* Base */ = {isa = PBXFileReference; lastKnownFileType = file.storyboard; name = Base; path = Base.lproj/LaunchScreen.storyboard; sourceTree = "<group>"; };
		370436A52761B1EB007A8C47 /* Info.plist */ = {isa = PBXFileReference; lastKnownFileType = text.plist.xml; path = Info.plist; sourceTree = "<group>"; };
		370436AA2761B1EC007A8C47 /* ReboTests.xctest */ = {isa = PBXFileReference; explicitFileType = wrapper.cfbundle; includeInIndex = 0; path = ReboTests.xctest; sourceTree = BUILT_PRODUCTS_DIR; };
		370436AE2761B1EC007A8C47 /* ReboTests.swift */ = {isa = PBXFileReference; lastKnownFileType = sourcecode.swift; path = ReboTests.swift; sourceTree = "<group>"; };
		370436B42761B1EC007A8C47 /* ReboUITests.xctest */ = {isa = PBXFileReference; explicitFileType = wrapper.cfbundle; includeInIndex = 0; path = ReboUITests.xctest; sourceTree = BUILT_PRODUCTS_DIR; };
		370436B82761B1EC007A8C47 /* ReboUITests.swift */ = {isa = PBXFileReference; lastKnownFileType = sourcecode.swift; path = ReboUITests.swift; sourceTree = "<group>"; };
		370436BA2761B1EC007A8C47 /* ReboUITestsLaunchTests.swift */ = {isa = PBXFileReference; lastKnownFileType = sourcecode.swift; path = ReboUITestsLaunchTests.swift; sourceTree = "<group>"; };
		3760C0442784694E003FBB92 /* HallViewController.swift */ = {isa = PBXFileReference; lastKnownFileType = sourcecode.swift; path = HallViewController.swift; sourceTree = "<group>"; };
		37C9AA77279EC5D5001B254C /* LoginViewController.swift */ = {isa = PBXFileReference; lastKnownFileType = sourcecode.swift; path = LoginViewController.swift; sourceTree = "<group>"; };
		37C9AA79279EC600001B254C /* LoginViewModel.swift */ = {isa = PBXFileReference; lastKnownFileType = sourcecode.swift; path = LoginViewModel.swift; sourceTree = "<group>"; };
		61CE80A29A105F5BE0EE4897 /* Pods-Rebo.release.xcconfig */ = {isa = PBXFileReference; includeInIndex = 1; lastKnownFileType = text.xcconfig; name = "Pods-Rebo.release.xcconfig"; path = "Target Support Files/Pods-Rebo/Pods-Rebo.release.xcconfig"; sourceTree = "<group>"; };
		7E088231FE048B97C33870C0 /* Pods_ReboTests.framework */ = {isa = PBXFileReference; explicitFileType = wrapper.framework; includeInIndex = 0; path = Pods_ReboTests.framework; sourceTree = BUILT_PRODUCTS_DIR; };
		8D9F8278E51494DC9644AAF8 /* Pods-Rebo-ReboUITests.release.xcconfig */ = {isa = PBXFileReference; includeInIndex = 1; lastKnownFileType = text.xcconfig; name = "Pods-Rebo-ReboUITests.release.xcconfig"; path = "Target Support Files/Pods-Rebo-ReboUITests/Pods-Rebo-ReboUITests.release.xcconfig"; sourceTree = "<group>"; };
		9415B5C67BA709A157ED7A87 /* Pods-ReboTests.debug.xcconfig */ = {isa = PBXFileReference; includeInIndex = 1; lastKnownFileType = text.xcconfig; name = "Pods-ReboTests.debug.xcconfig"; path = "Target Support Files/Pods-ReboTests/Pods-ReboTests.debug.xcconfig"; sourceTree = "<group>"; };
		9C48398AFC2574414D6F6B8D /* Pods-Rebo-ReboUITests.debug.xcconfig */ = {isa = PBXFileReference; includeInIndex = 1; lastKnownFileType = text.xcconfig; name = "Pods-Rebo-ReboUITests.debug.xcconfig"; path = "Target Support Files/Pods-Rebo-ReboUITests/Pods-Rebo-ReboUITests.debug.xcconfig"; sourceTree = "<group>"; };
		9EA9CD53B44557488A476F8F /* Pods_Rebo_ReboUITests.framework */ = {isa = PBXFileReference; explicitFileType = wrapper.framework; includeInIndex = 0; path = Pods_Rebo_ReboUITests.framework; sourceTree = BUILT_PRODUCTS_DIR; };
		C138D8236CCD3B0DC506E7B1 /* Pods_Rebo.framework */ = {isa = PBXFileReference; explicitFileType = wrapper.framework; includeInIndex = 0; path = Pods_Rebo.framework; sourceTree = BUILT_PRODUCTS_DIR; };
		F174BBE0BFBEBCECFA318F13 /* Pods-Rebo.debug.xcconfig */ = {isa = PBXFileReference; includeInIndex = 1; lastKnownFileType = text.xcconfig; name = "Pods-Rebo.debug.xcconfig"; path = "Target Support Files/Pods-Rebo/Pods-Rebo.debug.xcconfig"; sourceTree = "<group>"; };
/* End PBXFileReference section */

/* Begin PBXFrameworksBuildPhase section */
		3704368E2761B1E9007A8C47 /* Frameworks */ = {
			isa = PBXFrameworksBuildPhase;
			buildActionMask = 2147483647;
			files = (
				A150611C1D00B3B52F83B410 /* Pods_Rebo.framework in Frameworks */,
			);
			runOnlyForDeploymentPostprocessing = 0;
		};
		370436A72761B1EC007A8C47 /* Frameworks */ = {
			isa = PBXFrameworksBuildPhase;
			buildActionMask = 2147483647;
			files = (
				C9EBC4316CDBCB25A65CF907 /* Pods_ReboTests.framework in Frameworks */,
			);
			runOnlyForDeploymentPostprocessing = 0;
		};
		370436B12761B1EC007A8C47 /* Frameworks */ = {
			isa = PBXFrameworksBuildPhase;
			buildActionMask = 2147483647;
			files = (
				FBAAE3D641090174408B9139 /* Pods_Rebo_ReboUITests.framework in Frameworks */,
			);
			runOnlyForDeploymentPostprocessing = 0;
		};
/* End PBXFrameworksBuildPhase section */

/* Begin PBXGroup section */
		13E780AAF1B1301DB25742E4 /* Pods */ = {
			isa = PBXGroup;
			children = (
				F174BBE0BFBEBCECFA318F13 /* Pods-Rebo.debug.xcconfig */,
				61CE80A29A105F5BE0EE4897 /* Pods-Rebo.release.xcconfig */,
				9C48398AFC2574414D6F6B8D /* Pods-Rebo-ReboUITests.debug.xcconfig */,
				8D9F8278E51494DC9644AAF8 /* Pods-Rebo-ReboUITests.release.xcconfig */,
				9415B5C67BA709A157ED7A87 /* Pods-ReboTests.debug.xcconfig */,
				23C9D60D3458D3FAFCC0EF24 /* Pods-ReboTests.release.xcconfig */,
			);
			path = Pods;
			sourceTree = "<group>";
		};
		370436882761B1E8007A8C47 = {
			isa = PBXGroup;
			children = (
				370436932761B1E9007A8C47 /* Rebo */,
				370436C72761B1F5007A8C47 /* Frameworks */,
				370436AD2761B1EC007A8C47 /* ReboTests */,
				370436B72761B1EC007A8C47 /* ReboUITests */,
				370436922761B1E9007A8C47 /* Products */,
				13E780AAF1B1301DB25742E4 /* Pods */,
			);
			sourceTree = "<group>";
		};
		370436922761B1E9007A8C47 /* Products */ = {
			isa = PBXGroup;
			children = (
				370436912761B1E9007A8C47 /* Rebo.app */,
				370436AA2761B1EC007A8C47 /* ReboTests.xctest */,
				370436B42761B1EC007A8C47 /* ReboUITests.xctest */,
			);
			name = Products;
			sourceTree = "<group>";
		};
		370436932761B1E9007A8C47 /* Rebo */ = {
			isa = PBXGroup;
			children = (
				37C9AA76279EC5B9001B254C /* Model */,
				37C9AA75279EC5B1001B254C /* ViewModel */,
				37C9AA74279EC5AA001B254C /* View */,
				370436942761B1E9007A8C47 /* AppDelegate.swift */,
				370436962761B1E9007A8C47 /* SceneDelegate.swift */,
				370436A02761B1EB007A8C47 /* Assets.xcassets */,
				370436A22761B1EB007A8C47 /* LaunchScreen.storyboard */,
				370436A52761B1EB007A8C47 /* Info.plist */,
				3704369D2761B1E9007A8C47 /* Rebo.xcdatamodeld */,
			);
			path = Rebo;
			sourceTree = "<group>";
		};
		370436AD2761B1EC007A8C47 /* ReboTests */ = {
			isa = PBXGroup;
			children = (
				370436AE2761B1EC007A8C47 /* ReboTests.swift */,
			);
			path = ReboTests;
			sourceTree = "<group>";
		};
		370436B72761B1EC007A8C47 /* ReboUITests */ = {
			isa = PBXGroup;
			children = (
				370436B82761B1EC007A8C47 /* ReboUITests.swift */,
				370436BA2761B1EC007A8C47 /* ReboUITestsLaunchTests.swift */,
			);
			path = ReboUITests;
			sourceTree = "<group>";
		};
		370436C72761B1F5007A8C47 /* Frameworks */ = {
			isa = PBXGroup;
			children = (
				C138D8236CCD3B0DC506E7B1 /* Pods_Rebo.framework */,
				9EA9CD53B44557488A476F8F /* Pods_Rebo_ReboUITests.framework */,
				7E088231FE048B97C33870C0 /* Pods_ReboTests.framework */,
			);
			path = Frameworks;
			sourceTree = "<group>";
		};
		37C9AA74279EC5AA001B254C /* View */ = {
			isa = PBXGroup;
			children = (
				370436982761B1E9007A8C47 /* MainViewController.swift */,
				3760C0442784694E003FBB92 /* HallViewController.swift */,
				37C9AA77279EC5D5001B254C /* LoginViewController.swift */,
			);
			path = View;
			sourceTree = "<group>";
		};
		37C9AA75279EC5B1001B254C /* ViewModel */ = {
			isa = PBXGroup;
			children = (
				37C9AA79279EC600001B254C /* LoginViewModel.swift */,
			);
			path = ViewModel;
			sourceTree = "<group>";
		};
		37C9AA76279EC5B9001B254C /* Model */ = {
			isa = PBXGroup;
			children = (
			);
			path = Model;
			sourceTree = "<group>";
		};
/* End PBXGroup section */

/* Begin PBXNativeTarget section */
		370436902761B1E9007A8C47 /* Rebo */ = {
			isa = PBXNativeTarget;
			buildConfigurationList = 370436BE2761B1EC007A8C47 /* Build configuration list for PBXNativeTarget "Rebo" */;
			buildPhases = (
				9293DA527D3C6AE6FC1C6953 /* [CP] Check Pods Manifest.lock */,
				3704368D2761B1E9007A8C47 /* Sources */,
				3704368E2761B1E9007A8C47 /* Frameworks */,
				3704368F2761B1E9007A8C47 /* Resources */,
				688DFB173DF0DA341783CE63 /* [CP] Embed Pods Frameworks */,
			);
			buildRules = (
			);
			dependencies = (
			);
			name = Rebo;
			productName = Rebo;
			productReference = 370436912761B1E9007A8C47 /* Rebo.app */;
			productType = "com.apple.product-type.application";
		};
		370436A92761B1EC007A8C47 /* ReboTests */ = {
			isa = PBXNativeTarget;
			buildConfigurationList = 370436C12761B1EC007A8C47 /* Build configuration list for PBXNativeTarget "ReboTests" */;
			buildPhases = (
				93A8C77F1C67FF4313D78F73 /* [CP] Check Pods Manifest.lock */,
				370436A62761B1EC007A8C47 /* Sources */,
				370436A72761B1EC007A8C47 /* Frameworks */,
				370436A82761B1EC007A8C47 /* Resources */,
			);
			buildRules = (
			);
			dependencies = (
				370436AC2761B1EC007A8C47 /* PBXTargetDependency */,
			);
			name = ReboTests;
			productName = ReboTests;
			productReference = 370436AA2761B1EC007A8C47 /* ReboTests.xctest */;
			productType = "com.apple.product-type.bundle.unit-test";
		};
		370436B32761B1EC007A8C47 /* ReboUITests */ = {
			isa = PBXNativeTarget;
			buildConfigurationList = 370436C42761B1EC007A8C47 /* Build configuration list for PBXNativeTarget "ReboUITests" */;
			buildPhases = (
				32CE39DF6600B0F8A4E2B4AA /* [CP] Check Pods Manifest.lock */,
				370436B02761B1EC007A8C47 /* Sources */,
				370436B12761B1EC007A8C47 /* Frameworks */,
				370436B22761B1EC007A8C47 /* Resources */,
				BA39137E005C2B4CC5695A0F /* [CP] Embed Pods Frameworks */,
			);
			buildRules = (
			);
			dependencies = (
				370436B62761B1EC007A8C47 /* PBXTargetDependency */,
			);
			name = ReboUITests;
			productName = ReboUITests;
			productReference = 370436B42761B1EC007A8C47 /* ReboUITests.xctest */;
			productType = "com.apple.product-type.bundle.ui-testing";
		};
/* End PBXNativeTarget section */

/* Begin PBXProject section */
		370436892761B1E8007A8C47 /* Project object */ = {
			isa = PBXProject;
			attributes = {
				BuildIndependentTargetsInParallel = 1;
				LastSwiftUpdateCheck = 1300;
				LastUpgradeCheck = 1300;
				TargetAttributes = {
					370436902761B1E9007A8C47 = {
						CreatedOnToolsVersion = 13.0;
					};
					370436A92761B1EC007A8C47 = {
						CreatedOnToolsVersion = 13.0;
						TestTargetID = 370436902761B1E9007A8C47;
					};
					370436B32761B1EC007A8C47 = {
						CreatedOnToolsVersion = 13.0;
						TestTargetID = 370436902761B1E9007A8C47;
					};
				};
			};
			buildConfigurationList = 3704368C2761B1E8007A8C47 /* Build configuration list for PBXProject "Rebo" */;
			compatibilityVersion = "Xcode 13.0";
			developmentRegion = en;
			hasScannedForEncodings = 0;
			knownRegions = (
				en,
				Base,
			);
			mainGroup = 370436882761B1E8007A8C47;
			productRefGroup = 370436922761B1E9007A8C47 /* Products */;
			projectDirPath = "";
			projectRoot = "";
			targets = (
				370436902761B1E9007A8C47 /* Rebo */,
				370436A92761B1EC007A8C47 /* ReboTests */,
				370436B32761B1EC007A8C47 /* ReboUITests */,
			);
		};
/* End PBXProject section */

/* Begin PBXResourcesBuildPhase section */
		3704368F2761B1E9007A8C47 /* Resources */ = {
			isa = PBXResourcesBuildPhase;
			buildActionMask = 2147483647;
			files = (
				370436A42761B1EB007A8C47 /* LaunchScreen.storyboard in Resources */,
				370436A12761B1EB007A8C47 /* Assets.xcassets in Resources */,
			);
			runOnlyForDeploymentPostprocessing = 0;
		};
		370436A82761B1EC007A8C47 /* Resources */ = {
			isa = PBXResourcesBuildPhase;
			buildActionMask = 2147483647;
			files = (
			);
			runOnlyForDeploymentPostprocessing = 0;
		};
		370436B22761B1EC007A8C47 /* Resources */ = {
			isa = PBXResourcesBuildPhase;
			buildActionMask = 2147483647;
			files = (
			);
			runOnlyForDeploymentPostprocessing = 0;
		};
/* End PBXResourcesBuildPhase section */

/* Begin PBXShellScriptBuildPhase section */
		32CE39DF6600B0F8A4E2B4AA /* [CP] Check Pods Manifest.lock */ = {
			isa = PBXShellScriptBuildPhase;
			buildActionMask = 2147483647;
			files = (
			);
			inputFileListPaths = (
			);
			inputPaths = (
				"${PODS_PODFILE_DIR_PATH}/Podfile.lock",
				"${PODS_ROOT}/Manifest.lock",
			);
			name = "[CP] Check Pods Manifest.lock";
			outputFileListPaths = (
			);
			outputPaths = (
				"$(DERIVED_FILE_DIR)/Pods-Rebo-ReboUITests-checkManifestLockResult.txt",
			);
			runOnlyForDeploymentPostprocessing = 0;
			shellPath = /bin/sh;
			shellScript = "diff \"${PODS_PODFILE_DIR_PATH}/Podfile.lock\" \"${PODS_ROOT}/Manifest.lock\" > /dev/null\nif [ $? != 0 ] ; then\n    # print error to STDERR\n    echo \"error: The sandbox is not in sync with the Podfile.lock. Run 'pod install' or update your CocoaPods installation.\" >&2\n    exit 1\nfi\n# This output is used by Xcode 'outputs' to avoid re-running this script phase.\necho \"SUCCESS\" > \"${SCRIPT_OUTPUT_FILE_0}\"\n";
			showEnvVarsInLog = 0;
		};
		688DFB173DF0DA341783CE63 /* [CP] Embed Pods Frameworks */ = {
			isa = PBXShellScriptBuildPhase;
			buildActionMask = 2147483647;
			files = (
			);
			inputFileListPaths = (
				"${PODS_ROOT}/Target Support Files/Pods-Rebo/Pods-Rebo-frameworks-${CONFIGURATION}-input-files.xcfilelist",
			);
			name = "[CP] Embed Pods Frameworks";
			outputFileListPaths = (
				"${PODS_ROOT}/Target Support Files/Pods-Rebo/Pods-Rebo-frameworks-${CONFIGURATION}-output-files.xcfilelist",
			);
			runOnlyForDeploymentPostprocessing = 0;
			shellPath = /bin/sh;
			shellScript = "\"${PODS_ROOT}/Target Support Files/Pods-Rebo/Pods-Rebo-frameworks.sh\"\n";
			showEnvVarsInLog = 0;
		};
		9293DA527D3C6AE6FC1C6953 /* [CP] Check Pods Manifest.lock */ = {
			isa = PBXShellScriptBuildPhase;
			buildActionMask = 2147483647;
			files = (
			);
			inputFileListPaths = (
			);
			inputPaths = (
				"${PODS_PODFILE_DIR_PATH}/Podfile.lock",
				"${PODS_ROOT}/Manifest.lock",
			);
			name = "[CP] Check Pods Manifest.lock";
			outputFileListPaths = (
			);
			outputPaths = (
				"$(DERIVED_FILE_DIR)/Pods-Rebo-checkManifestLockResult.txt",
			);
			runOnlyForDeploymentPostprocessing = 0;
			shellPath = /bin/sh;
			shellScript = "diff \"${PODS_PODFILE_DIR_PATH}/Podfile.lock\" \"${PODS_ROOT}/Manifest.lock\" > /dev/null\nif [ $? != 0 ] ; then\n    # print error to STDERR\n    echo \"error: The sandbox is not in sync with the Podfile.lock. Run 'pod install' or update your CocoaPods installation.\" >&2\n    exit 1\nfi\n# This output is used by Xcode 'outputs' to avoid re-running this script phase.\necho \"SUCCESS\" > \"${SCRIPT_OUTPUT_FILE_0}\"\n";
			showEnvVarsInLog = 0;
		};
		93A8C77F1C67FF4313D78F73 /* [CP] Check Pods Manifest.lock */ = {
			isa = PBXShellScriptBuildPhase;
			buildActionMask = 2147483647;
			files = (
			);
			inputFileListPaths = (
			);
			inputPaths = (
				"${PODS_PODFILE_DIR_PATH}/Podfile.lock",
				"${PODS_ROOT}/Manifest.lock",
			);
			name = "[CP] Check Pods Manifest.lock";
			outputFileListPaths = (
			);
			outputPaths = (
				"$(DERIVED_FILE_DIR)/Pods-ReboTests-checkManifestLockResult.txt",
			);
			runOnlyForDeploymentPostprocessing = 0;
			shellPath = /bin/sh;
			shellScript = "diff \"${PODS_PODFILE_DIR_PATH}/Podfile.lock\" \"${PODS_ROOT}/Manifest.lock\" > /dev/null\nif [ $? != 0 ] ; then\n    # print error to STDERR\n    echo \"error: The sandbox is not in sync with the Podfile.lock. Run 'pod install' or update your CocoaPods installation.\" >&2\n    exit 1\nfi\n# This output is used by Xcode 'outputs' to avoid re-running this script phase.\necho \"SUCCESS\" > \"${SCRIPT_OUTPUT_FILE_0}\"\n";
			showEnvVarsInLog = 0;
		};
		BA39137E005C2B4CC5695A0F /* [CP] Embed Pods Frameworks */ = {
			isa = PBXShellScriptBuildPhase;
			buildActionMask = 2147483647;
			files = (
			);
			inputFileListPaths = (
				"${PODS_ROOT}/Target Support Files/Pods-Rebo-ReboUITests/Pods-Rebo-ReboUITests-frameworks-${CONFIGURATION}-input-files.xcfilelist",
			);
			name = "[CP] Embed Pods Frameworks";
			outputFileListPaths = (
				"${PODS_ROOT}/Target Support Files/Pods-Rebo-ReboUITests/Pods-Rebo-ReboUITests-frameworks-${CONFIGURATION}-output-files.xcfilelist",
			);
			runOnlyForDeploymentPostprocessing = 0;
			shellPath = /bin/sh;
			shellScript = "\"${PODS_ROOT}/Target Support Files/Pods-Rebo-ReboUITests/Pods-Rebo-ReboUITests-frameworks.sh\"\n";
			showEnvVarsInLog = 0;
		};
/* End PBXShellScriptBuildPhase section */

/* Begin PBXSourcesBuildPhase section */
		3704368D2761B1E9007A8C47 /* Sources */ = {
			isa = PBXSourcesBuildPhase;
			buildActionMask = 2147483647;
			files = (
				37C9AA78279EC5D5001B254C /* LoginViewController.swift in Sources */,
				370436992761B1E9007A8C47 /* MainViewController.swift in Sources */,
				3704369F2761B1E9007A8C47 /* Rebo.xcdatamodeld in Sources */,
				370436952761B1E9007A8C47 /* AppDelegate.swift in Sources */,
				3760C0452784694E003FBB92 /* HallViewController.swift in Sources */,
				370436972761B1E9007A8C47 /* SceneDelegate.swift in Sources */,
				37C9AA7A279EC600001B254C /* LoginViewModel.swift in Sources */,
			);
			runOnlyForDeploymentPostprocessing = 0;
		};
		370436A62761B1EC007A8C47 /* Sources */ = {
			isa = PBXSourcesBuildPhase;
			buildActionMask = 2147483647;
			files = (
				370436AF2761B1EC007A8C47 /* ReboTests.swift in Sources */,
			);
			runOnlyForDeploymentPostprocessing = 0;
		};
		370436B02761B1EC007A8C47 /* Sources */ = {
			isa = PBXSourcesBuildPhase;
			buildActionMask = 2147483647;
			files = (
				370436BB2761B1EC007A8C47 /* ReboUITestsLaunchTests.swift in Sources */,
				370436B92761B1EC007A8C47 /* ReboUITests.swift in Sources */,
			);
			runOnlyForDeploymentPostprocessing = 0;
		};
/* End PBXSourcesBuildPhase section */

/* Begin PBXTargetDependency section */
		370436AC2761B1EC007A8C47 /* PBXTargetDependency */ = {
			isa = PBXTargetDependency;
			target = 370436902761B1E9007A8C47 /* Rebo */;
			targetProxy = 370436AB2761B1EC007A8C47 /* PBXContainerItemProxy */;
		};
		370436B62761B1EC007A8C47 /* PBXTargetDependency */ = {
			isa = PBXTargetDependency;
			target = 370436902761B1E9007A8C47 /* Rebo */;
			targetProxy = 370436B52761B1EC007A8C47 /* PBXContainerItemProxy */;
		};
/* End PBXTargetDependency section */

/* Begin PBXVariantGroup section */
		370436A22761B1EB007A8C47 /* LaunchScreen.storyboard */ = {
			isa = PBXVariantGroup;
			children = (
				370436A32761B1EB007A8C47 /* Base */,
			);
			name = LaunchScreen.storyboard;
			sourceTree = "<group>";
		};
/* End PBXVariantGroup section */

/* Begin XCBuildConfiguration section */
		370436BC2761B1EC007A8C47 /* Debug */ = {
			isa = XCBuildConfiguration;
			buildSettings = {
				ALWAYS_SEARCH_USER_PATHS = NO;
				CLANG_ANALYZER_NONNULL = YES;
				CLANG_ANALYZER_NUMBER_OBJECT_CONVERSION = YES_AGGRESSIVE;
				CLANG_CXX_LANGUAGE_STANDARD = "gnu++17";
				CLANG_CXX_LIBRARY = "libc++";
				CLANG_ENABLE_MODULES = YES;
				CLANG_ENABLE_OBJC_ARC = YES;
				CLANG_ENABLE_OBJC_WEAK = YES;
				CLANG_WARN_BLOCK_CAPTURE_AUTORELEASING = YES;
				CLANG_WARN_BOOL_CONVERSION = YES;
				CLANG_WARN_COMMA = YES;
				CLANG_WARN_CONSTANT_CONVERSION = YES;
				CLANG_WARN_DEPRECATED_OBJC_IMPLEMENTATIONS = YES;
				CLANG_WARN_DIRECT_OBJC_ISA_USAGE = YES_ERROR;
				CLANG_WARN_DOCUMENTATION_COMMENTS = YES;
				CLANG_WARN_EMPTY_BODY = YES;
				CLANG_WARN_ENUM_CONVERSION = YES;
				CLANG_WARN_INFINITE_RECURSION = YES;
				CLANG_WARN_INT_CONVERSION = YES;
				CLANG_WARN_NON_LITERAL_NULL_CONVERSION = YES;
				CLANG_WARN_OBJC_IMPLICIT_RETAIN_SELF = YES;
				CLANG_WARN_OBJC_LITERAL_CONVERSION = YES;
				CLANG_WARN_OBJC_ROOT_CLASS = YES_ERROR;
				CLANG_WARN_QUOTED_INCLUDE_IN_FRAMEWORK_HEADER = YES;
				CLANG_WARN_RANGE_LOOP_ANALYSIS = YES;
				CLANG_WARN_STRICT_PROTOTYPES = YES;
				CLANG_WARN_SUSPICIOUS_MOVE = YES;
				CLANG_WARN_UNGUARDED_AVAILABILITY = YES_AGGRESSIVE;
				CLANG_WARN_UNREACHABLE_CODE = YES;
				CLANG_WARN__DUPLICATE_METHOD_MATCH = YES;
				COPY_PHASE_STRIP = NO;
				DEBUG_INFORMATION_FORMAT = dwarf;
				ENABLE_STRICT_OBJC_MSGSEND = YES;
				ENABLE_TESTABILITY = YES;
				GCC_C_LANGUAGE_STANDARD = gnu11;
				GCC_DYNAMIC_NO_PIC = NO;
				GCC_NO_COMMON_BLOCKS = YES;
				GCC_OPTIMIZATION_LEVEL = 0;
				GCC_PREPROCESSOR_DEFINITIONS = (
					"DEBUG=1",
					"$(inherited)",
				);
				GCC_WARN_64_TO_32_BIT_CONVERSION = YES;
				GCC_WARN_ABOUT_RETURN_TYPE = YES_ERROR;
				GCC_WARN_UNDECLARED_SELECTOR = YES;
				GCC_WARN_UNINITIALIZED_AUTOS = YES_AGGRESSIVE;
				GCC_WARN_UNUSED_FUNCTION = YES;
				GCC_WARN_UNUSED_VARIABLE = YES;
				IPHONEOS_DEPLOYMENT_TARGET = 15.0;
				MTL_ENABLE_DEBUG_INFO = INCLUDE_SOURCE;
				MTL_FAST_MATH = YES;
				ONLY_ACTIVE_ARCH = YES;
				SDKROOT = iphoneos;
				SWIFT_ACTIVE_COMPILATION_CONDITIONS = DEBUG;
				SWIFT_OPTIMIZATION_LEVEL = "-Onone";
			};
			name = Debug;
		};
		370436BD2761B1EC007A8C47 /* Release */ = {
			isa = XCBuildConfiguration;
			buildSettings = {
				ALWAYS_SEARCH_USER_PATHS = NO;
				CLANG_ANALYZER_NONNULL = YES;
				CLANG_ANALYZER_NUMBER_OBJECT_CONVERSION = YES_AGGRESSIVE;
				CLANG_CXX_LANGUAGE_STANDARD = "gnu++17";
				CLANG_CXX_LIBRARY = "libc++";
				CLANG_ENABLE_MODULES = YES;
				CLANG_ENABLE_OBJC_ARC = YES;
				CLANG_ENABLE_OBJC_WEAK = YES;
				CLANG_WARN_BLOCK_CAPTURE_AUTORELEASING = YES;
				CLANG_WARN_BOOL_CONVERSION = YES;
				CLANG_WARN_COMMA = YES;
				CLANG_WARN_CONSTANT_CONVERSION = YES;
				CLANG_WARN_DEPRECATED_OBJC_IMPLEMENTATIONS = YES;
				CLANG_WARN_DIRECT_OBJC_ISA_USAGE = YES_ERROR;
				CLANG_WARN_DOCUMENTATION_COMMENTS = YES;
				CLANG_WARN_EMPTY_BODY = YES;
				CLANG_WARN_ENUM_CONVERSION = YES;
				CLANG_WARN_INFINITE_RECURSION = YES;
				CLANG_WARN_INT_CONVERSION = YES;
				CLANG_WARN_NON_LITERAL_NULL_CONVERSION = YES;
				CLANG_WARN_OBJC_IMPLICIT_RETAIN_SELF = YES;
				CLANG_WARN_OBJC_LITERAL_CONVERSION = YES;
				CLANG_WARN_OBJC_ROOT_CLASS = YES_ERROR;
				CLANG_WARN_QUOTED_INCLUDE_IN_FRAMEWORK_HEADER = YES;
				CLANG_WARN_RANGE_LOOP_ANALYSIS = YES;
				CLANG_WARN_STRICT_PROTOTYPES = YES;
				CLANG_WARN_SUSPICIOUS_MOVE = YES;
				CLANG_WARN_UNGUARDED_AVAILABILITY = YES_AGGRESSIVE;
				CLANG_WARN_UNREACHABLE_CODE = YES;
				CLANG_WARN__DUPLICATE_METHOD_MATCH = YES;
				COPY_PHASE_STRIP = NO;
				DEBUG_INFORMATION_FORMAT = "dwarf-with-dsym";
				ENABLE_NS_ASSERTIONS = NO;
				ENABLE_STRICT_OBJC_MSGSEND = YES;
				GCC_C_LANGUAGE_STANDARD = gnu11;
				GCC_NO_COMMON_BLOCKS = YES;
				GCC_WARN_64_TO_32_BIT_CONVERSION = YES;
				GCC_WARN_ABOUT_RETURN_TYPE = YES_ERROR;
				GCC_WARN_UNDECLARED_SELECTOR = YES;
				GCC_WARN_UNINITIALIZED_AUTOS = YES_AGGRESSIVE;
				GCC_WARN_UNUSED_FUNCTION = YES;
				GCC_WARN_UNUSED_VARIABLE = YES;
				IPHONEOS_DEPLOYMENT_TARGET = 15.0;
				MTL_ENABLE_DEBUG_INFO = NO;
				MTL_FAST_MATH = YES;
				SDKROOT = iphoneos;
				SWIFT_COMPILATION_MODE = wholemodule;
				SWIFT_OPTIMIZATION_LEVEL = "-O";
				VALIDATE_PRODUCT = YES;
			};
			name = Release;
		};
		370436BF2761B1EC007A8C47 /* Debug */ = {
			isa = XCBuildConfiguration;
			baseConfigurationReference = F174BBE0BFBEBCECFA318F13 /* Pods-Rebo.debug.xcconfig */;
			buildSettings = {
				ASSETCATALOG_COMPILER_APPICON_NAME = AppIcon;
				ASSETCATALOG_COMPILER_GLOBAL_ACCENT_COLOR_NAME = AccentColor;
				CODE_SIGN_STYLE = Automatic;
				CURRENT_PROJECT_VERSION = 1;
				DEVELOPMENT_TEAM = RW77ZW8HLL;
				GENERATE_INFOPLIST_FILE = YES;
				INFOPLIST_FILE = Rebo/Info.plist;
				INFOPLIST_KEY_UIApplicationSupportsIndirectInputEvents = YES;
				INFOPLIST_KEY_UILaunchStoryboardName = LaunchScreen;
				INFOPLIST_KEY_UISupportedInterfaceOrientations_iPad = "UIInterfaceOrientationPortrait UIInterfaceOrientationPortraitUpsideDown UIInterfaceOrientationLandscapeLeft UIInterfaceOrientationLandscapeRight";
				INFOPLIST_KEY_UISupportedInterfaceOrientations_iPhone = "UIInterfaceOrientationPortrait UIInterfaceOrientationLandscapeLeft UIInterfaceOrientationLandscapeRight";
				LD_RUNPATH_SEARCH_PATHS = (
					"$(inherited)",
					"@executable_path/Frameworks",
				);
				MARKETING_VERSION = 1.0;
				PRODUCT_BUNDLE_IDENTIFIER = Urmat.Rebo;
				PRODUCT_NAME = "$(TARGET_NAME)";
				SWIFT_EMIT_LOC_STRINGS = YES;
				SWIFT_VERSION = 5.0;
				TARGETED_DEVICE_FAMILY = "1,2";
			};
			name = Debug;
		};
		370436C02761B1EC007A8C47 /* Release */ = {
			isa = XCBuildConfiguration;
			baseConfigurationReference = 61CE80A29A105F5BE0EE4897 /* Pods-Rebo.release.xcconfig */;
			buildSettings = {
				ASSETCATALOG_COMPILER_APPICON_NAME = AppIcon;
				ASSETCATALOG_COMPILER_GLOBAL_ACCENT_COLOR_NAME = AccentColor;
				CODE_SIGN_STYLE = Automatic;
				CURRENT_PROJECT_VERSION = 1;
				DEVELOPMENT_TEAM = RW77ZW8HLL;
				GENERATE_INFOPLIST_FILE = YES;
				INFOPLIST_FILE = Rebo/Info.plist;
				INFOPLIST_KEY_UIApplicationSupportsIndirectInputEvents = YES;
				INFOPLIST_KEY_UILaunchStoryboardName = LaunchScreen;
				INFOPLIST_KEY_UISupportedInterfaceOrientations_iPad = "UIInterfaceOrientationPortrait UIInterfaceOrientationPortraitUpsideDown UIInterfaceOrientationLandscapeLeft UIInterfaceOrientationLandscapeRight";
				INFOPLIST_KEY_UISupportedInterfaceOrientations_iPhone = "UIInterfaceOrientationPortrait UIInterfaceOrientationLandscapeLeft UIInterfaceOrientationLandscapeRight";
				LD_RUNPATH_SEARCH_PATHS = (
					"$(inherited)",
					"@executable_path/Frameworks",
				);
				MARKETING_VERSION = 1.0;
				PRODUCT_BUNDLE_IDENTIFIER = Urmat.Rebo;
				PRODUCT_NAME = "$(TARGET_NAME)";
				SWIFT_EMIT_LOC_STRINGS = YES;
				SWIFT_VERSION = 5.0;
				TARGETED_DEVICE_FAMILY = "1,2";
			};
			name = Release;
		};
		370436C22761B1EC007A8C47 /* Debug */ = {
			isa = XCBuildConfiguration;
			baseConfigurationReference = 9415B5C67BA709A157ED7A87 /* Pods-ReboTests.debug.xcconfig */;
			buildSettings = {
				ALWAYS_EMBED_SWIFT_STANDARD_LIBRARIES = YES;
				BUNDLE_LOADER = "$(TEST_HOST)";
				CODE_SIGN_STYLE = Automatic;
				CURRENT_PROJECT_VERSION = 1;
				DEVELOPMENT_TEAM = RW77ZW8HLL;
				GENERATE_INFOPLIST_FILE = YES;
				IPHONEOS_DEPLOYMENT_TARGET = 15.0;
				LD_RUNPATH_SEARCH_PATHS = (
					"$(inherited)",
					"@executable_path/Frameworks",
					"@loader_path/Frameworks",
				);
				MARKETING_VERSION = 1.0;
				PRODUCT_BUNDLE_IDENTIFIER = Urmat.ReboTests;
				PRODUCT_NAME = "$(TARGET_NAME)";
				SWIFT_EMIT_LOC_STRINGS = NO;
				SWIFT_VERSION = 5.0;
				TARGETED_DEVICE_FAMILY = "1,2";
				TEST_HOST = "$(BUILT_PRODUCTS_DIR)/Rebo.app/Rebo";
			};
			name = Debug;
		};
		370436C32761B1EC007A8C47 /* Release */ = {
			isa = XCBuildConfiguration;
			baseConfigurationReference = 23C9D60D3458D3FAFCC0EF24 /* Pods-ReboTests.release.xcconfig */;
			buildSettings = {
				ALWAYS_EMBED_SWIFT_STANDARD_LIBRARIES = YES;
				BUNDLE_LOADER = "$(TEST_HOST)";
				CODE_SIGN_STYLE = Automatic;
				CURRENT_PROJECT_VERSION = 1;
				DEVELOPMENT_TEAM = RW77ZW8HLL;
				GENERATE_INFOPLIST_FILE = YES;
				IPHONEOS_DEPLOYMENT_TARGET = 15.0;
				LD_RUNPATH_SEARCH_PATHS = (
					"$(inherited)",
					"@executable_path/Frameworks",
					"@loader_path/Frameworks",
				);
				MARKETING_VERSION = 1.0;
				PRODUCT_BUNDLE_IDENTIFIER = Urmat.ReboTests;
				PRODUCT_NAME = "$(TARGET_NAME)";
				SWIFT_EMIT_LOC_STRINGS = NO;
				SWIFT_VERSION = 5.0;
				TARGETED_DEVICE_FAMILY = "1,2";
				TEST_HOST = "$(BUILT_PRODUCTS_DIR)/Rebo.app/Rebo";
			};
			name = Release;
		};
		370436C52761B1EC007A8C47 /* Debug */ = {
			isa = XCBuildConfiguration;
			baseConfigurationReference = 9C48398AFC2574414D6F6B8D /* Pods-Rebo-ReboUITests.debug.xcconfig */;
			buildSettings = {
				ALWAYS_EMBED_SWIFT_STANDARD_LIBRARIES = YES;
				CODE_SIGN_STYLE = Automatic;
				CURRENT_PROJECT_VERSION = 1;
				DEVELOPMENT_TEAM = RW77ZW8HLL;
				GENERATE_INFOPLIST_FILE = YES;
				LD_RUNPATH_SEARCH_PATHS = (
					"$(inherited)",
					"@executable_path/Frameworks",
					"@loader_path/Frameworks",
				);
				MARKETING_VERSION = 1.0;
				PRODUCT_BUNDLE_IDENTIFIER = Urmat.ReboUITests;
				PRODUCT_NAME = "$(TARGET_NAME)";
				SWIFT_EMIT_LOC_STRINGS = NO;
				SWIFT_VERSION = 5.0;
				TARGETED_DEVICE_FAMILY = "1,2";
				TEST_TARGET_NAME = Rebo;
			};
			name = Debug;
		};
		370436C62761B1EC007A8C47 /* Release */ = {
			isa = XCBuildConfiguration;
			baseConfigurationReference = 8D9F8278E51494DC9644AAF8 /* Pods-Rebo-ReboUITests.release.xcconfig */;
			buildSettings = {
				ALWAYS_EMBED_SWIFT_STANDARD_LIBRARIES = YES;
				CODE_SIGN_STYLE = Automatic;
				CURRENT_PROJECT_VERSION = 1;
				DEVELOPMENT_TEAM = RW77ZW8HLL;
				GENERATE_INFOPLIST_FILE = YES;
				LD_RUNPATH_SEARCH_PATHS = (
					"$(inherited)",
					"@executable_path/Frameworks",
					"@loader_path/Frameworks",
				);
				MARKETING_VERSION = 1.0;
				PRODUCT_BUNDLE_IDENTIFIER = Urmat.ReboUITests;
				PRODUCT_NAME = "$(TARGET_NAME)";
				SWIFT_EMIT_LOC_STRINGS = NO;
				SWIFT_VERSION = 5.0;
				TARGETED_DEVICE_FAMILY = "1,2";
				TEST_TARGET_NAME = Rebo;
			};
			name = Release;
		};
/* End XCBuildConfiguration section */

/* Begin XCConfigurationList section */
		3704368C2761B1E8007A8C47 /* Build configuration list for PBXProject "Rebo" */ = {
			isa = XCConfigurationList;
			buildConfigurations = (
				370436BC2761B1EC007A8C47 /* Debug */,
				370436BD2761B1EC007A8C47 /* Release */,
			);
			defaultConfigurationIsVisible = 0;
			defaultConfigurationName = Release;
		};
		370436BE2761B1EC007A8C47 /* Build configuration list for PBXNativeTarget "Rebo" */ = {
			isa = XCConfigurationList;
			buildConfigurations = (
				370436BF2761B1EC007A8C47 /* Debug */,
				370436C02761B1EC007A8C47 /* Release */,
			);
			defaultConfigurationIsVisible = 0;
			defaultConfigurationName = Release;
		};
		370436C12761B1EC007A8C47 /* Build configuration list for PBXNativeTarget "ReboTests" */ = {
			isa = XCConfigurationList;
			buildConfigurations = (
				370436C22761B1EC007A8C47 /* Debug */,
				370436C32761B1EC007A8C47 /* Release */,
			);
			defaultConfigurationIsVisible = 0;
			defaultConfigurationName = Release;
		};
		370436C42761B1EC007A8C47 /* Build configuration list for PBXNativeTarget "ReboUITests" */ = {
			isa = XCConfigurationList;
			buildConfigurations = (
				370436C52761B1EC007A8C47 /* Debug */,
				370436C62761B1EC007A8C47 /* Release */,
			);
			defaultConfigurationIsVisible = 0;
			defaultConfigurationName = Release;
		};
/* End XCConfigurationList section */

/* Begin XCVersionGroup section */
		3704369D2761B1E9007A8C47 /* Rebo.xcdatamodeld */ = {
			isa = XCVersionGroup;
			children = (
				3704369E2761B1E9007A8C47 /* Rebo.xcdatamodel */,
			);
			currentVersion = 3704369E2761B1E9007A8C47 /* Rebo.xcdatamodel */;
			path = Rebo.xcdatamodeld;
			sourceTree = "<group>";
			versionGroupType = wrapper.xcdatamodel;
		};
/* End XCVersionGroup section */
	};
	rootObject = 370436892761B1E8007A8C47 /* Project object */;
}
